// !$*UTF8*$!
{
	archiveVersion = 1;
	classes = {
	};
	objectVersion = 46;
	objects = {

/* Begin PBXBuildFile section */
		183D99781EAF460B0035ED60 /* PullDownMenuView.m in Sources */ = {isa = PBXBuildFile; fileRef = 183D99771EAF460B0035ED60 /* PullDownMenuView.m */; };
		183D997B1EAF470C0035ED60 /* arrow_down@2x.png in Resources */ = {isa = PBXBuildFile; fileRef = 183D99791EAF470C0035ED60 /* arrow_down@2x.png */; };
		183D997C1EAF470C0035ED60 /* arrow_down@3x.png in Resources */ = {isa = PBXBuildFile; fileRef = 183D997A1EAF470C0035ED60 /* arrow_down@3x.png */; };
		183D997F1EAF477B0035ED60 /* arrow_up@2x.png in Resources */ = {isa = PBXBuildFile; fileRef = 183D997D1EAF477B0035ED60 /* arrow_up@2x.png */; };
		183D99801EAF477B0035ED60 /* arrow_up@3x.png in Resources */ = {isa = PBXBuildFile; fileRef = 183D997E1EAF477B0035ED60 /* arrow_up@3x.png */; };
		183D99831EAF47E60035ED60 /* MenuButton.m in Sources */ = {isa = PBXBuildFile; fileRef = 183D99821EAF47E60035ED60 /* MenuButton.m */; };
		183D99881EB09B4E0035ED60 /* TestViewController1.m in Sources */ = {isa = PBXBuildFile; fileRef = 183D99861EB09B4E0035ED60 /* TestViewController1.m */; };
		183D99891EB09B4E0035ED60 /* TestViewController1.xib in Resources */ = {isa = PBXBuildFile; fileRef = 183D99871EB09B4E0035ED60 /* TestViewController1.xib */; };
		183D998D1EB09B5E0035ED60 /* TestViewController2.m in Sources */ = {isa = PBXBuildFile; fileRef = 183D998B1EB09B5E0035ED60 /* TestViewController2.m */; };
		183D998E1EB09B5E0035ED60 /* TestViewController2.xib in Resources */ = {isa = PBXBuildFile; fileRef = 183D998C1EB09B5E0035ED60 /* TestViewController2.xib */; };
		183D99921EB09B980035ED60 /* TestViewController3.m in Sources */ = {isa = PBXBuildFile; fileRef = 183D99901EB09B980035ED60 /* TestViewController3.m */; };
		183D99931EB09B980035ED60 /* TestViewController3.xib in Resources */ = {isa = PBXBuildFile; fileRef = 183D99911EB09B980035ED60 /* TestViewController3.xib */; };
		18F1A6C61EA75748005D8858 /* main.m in Sources */ = {isa = PBXBuildFile; fileRef = 18F1A6C51EA75748005D8858 /* main.m */; };
		18F1A6C91EA75749005D8858 /* AppDelegate.m in Sources */ = {isa = PBXBuildFile; fileRef = 18F1A6C81EA75749005D8858 /* AppDelegate.m */; };
		18F1A6CC1EA75749005D8858 /* ViewController.m in Sources */ = {isa = PBXBuildFile; fileRef = 18F1A6CB1EA75749005D8858 /* ViewController.m */; };
		18F1A6CF1EA75749005D8858 /* Main.storyboard in Resources */ = {isa = PBXBuildFile; fileRef = 18F1A6CD1EA75749005D8858 /* Main.storyboard */; };
		18F1A6D11EA75749005D8858 /* Assets.xcassets in Resources */ = {isa = PBXBuildFile; fileRef = 18F1A6D01EA75749005D8858 /* Assets.xcassets */; };
		18F1A6D41EA75749005D8858 /* LaunchScreen.storyboard in Resources */ = {isa = PBXBuildFile; fileRef = 18F1A6D21EA75749005D8858 /* LaunchScreen.storyboard */; };
		8D088E1B4170BF6B234366E9 /* libPods-PullDownMenuProject.a in Frameworks */ = {isa = PBXBuildFile; fileRef = 8DA96B5EECAEC2C198A2E732 /* libPods-PullDownMenuProject.a */; };
/* End PBXBuildFile section */

/* Begin PBXFileReference section */
		183D99741EAF2B200035ED60 /* PullDownPrefixHeader.pch */ = {isa = PBXFileReference; lastKnownFileType = sourcecode.c.h; path = PullDownPrefixHeader.pch; sourceTree = "<group>"; };
		183D99761EAF460B0035ED60 /* PullDownMenuView.h */ = {isa = PBXFileReference; fileEncoding = 4; lastKnownFileType = sourcecode.c.h; path = PullDownMenuView.h; sourceTree = "<group>"; };
		183D99771EAF460B0035ED60 /* PullDownMenuView.m */ = {isa = PBXFileReference; fileEncoding = 4; lastKnownFileType = sourcecode.c.objc; path = PullDownMenuView.m; sourceTree = "<group>"; };
		183D99791EAF470C0035ED60 /* arrow_down@2x.png */ = {isa = PBXFileReference; lastKnownFileType = image.png; path = "arrow_down@2x.png"; sourceTree = "<group>"; };
		183D997A1EAF470C0035ED60 /* arrow_down@3x.png */ = {isa = PBXFileReference; lastKnownFileType = image.png; path = "arrow_down@3x.png"; sourceTree = "<group>"; };
		183D997D1EAF477B0035ED60 /* arrow_up@2x.png */ = {isa = PBXFileReference; lastKnownFileType = image.png; path = "arrow_up@2x.png"; sourceTree = "<group>"; };
		183D997E1EAF477B0035ED60 /* arrow_up@3x.png */ = {isa = PBXFileReference; lastKnownFileType = image.png; path = "arrow_up@3x.png"; sourceTree = "<group>"; };
		183D99811EAF47E60035ED60 /* MenuButton.h */ = {isa = PBXFileReference; fileEncoding = 4; lastKnownFileType = sourcecode.c.h; path = MenuButton.h; sourceTree = "<group>"; };
		183D99821EAF47E60035ED60 /* MenuButton.m */ = {isa = PBXFileReference; fileEncoding = 4; lastKnownFileType = sourcecode.c.objc; path = MenuButton.m; sourceTree = "<group>"; };
		183D99851EB09B4E0035ED60 /* TestViewController1.h */ = {isa = PBXFileReference; fileEncoding = 4; lastKnownFileType = sourcecode.c.h; path = TestViewController1.h; sourceTree = "<group>"; };
		183D99861EB09B4E0035ED60 /* TestViewController1.m */ = {isa = PBXFileReference; fileEncoding = 4; lastKnownFileType = sourcecode.c.objc; path = TestViewController1.m; sourceTree = "<group>"; };
		183D99871EB09B4E0035ED60 /* TestViewController1.xib */ = {isa = PBXFileReference; fileEncoding = 4; lastKnownFileType = file.xib; path = TestViewController1.xib; sourceTree = "<group>"; };
		183D998A1EB09B5E0035ED60 /* TestViewController2.h */ = {isa = PBXFileReference; fileEncoding = 4; lastKnownFileType = sourcecode.c.h; path = TestViewController2.h; sourceTree = "<group>"; };
		183D998B1EB09B5E0035ED60 /* TestViewController2.m */ = {isa = PBXFileReference; fileEncoding = 4; lastKnownFileType = sourcecode.c.objc; path = TestViewController2.m; sourceTree = "<group>"; };
		183D998C1EB09B5E0035ED60 /* TestViewController2.xib */ = {isa = PBXFileReference; fileEncoding = 4; lastKnownFileType = file.xib; path = TestViewController2.xib; sourceTree = "<group>"; };
		183D998F1EB09B980035ED60 /* TestViewController3.h */ = {isa = PBXFileReference; fileEncoding = 4; lastKnownFileType = sourcecode.c.h; path = TestViewController3.h; sourceTree = "<group>"; };
		183D99901EB09B980035ED60 /* TestViewController3.m */ = {isa = PBXFileReference; fileEncoding = 4; lastKnownFileType = sourcecode.c.objc; path = TestViewController3.m; sourceTree = "<group>"; };
		183D99911EB09B980035ED60 /* TestViewController3.xib */ = {isa = PBXFileReference; fileEncoding = 4; lastKnownFileType = file.xib; path = TestViewController3.xib; sourceTree = "<group>"; };
		18F1A6C11EA75748005D8858 /* PullDownMenuProject.app */ = {isa = PBXFileReference; explicitFileType = wrapper.application; includeInIndex = 0; path = PullDownMenuProject.app; sourceTree = BUILT_PRODUCTS_DIR; };
		18F1A6C51EA75748005D8858 /* main.m */ = {isa = PBXFileReference; lastKnownFileType = sourcecode.c.objc; path = main.m; sourceTree = "<group>"; };
		18F1A6C71EA75748005D8858 /* AppDelegate.h */ = {isa = PBXFileReference; lastKnownFileType = sourcecode.c.h; path = AppDelegate.h; sourceTree = "<group>"; };
		18F1A6C81EA75749005D8858 /* AppDelegate.m */ = {isa = PBXFileReference; lastKnownFileType = sourcecode.c.objc; path = AppDelegate.m; sourceTree = "<group>"; };
		18F1A6CA1EA75749005D8858 /* ViewController.h */ = {isa = PBXFileReference; lastKnownFileType = sourcecode.c.h; path = ViewController.h; sourceTree = "<group>"; };
		18F1A6CB1EA75749005D8858 /* ViewController.m */ = {isa = PBXFileReference; lastKnownFileType = sourcecode.c.objc; path = ViewController.m; sourceTree = "<group>"; };
		18F1A6CE1EA75749005D8858 /* Base */ = {isa = PBXFileReference; lastKnownFileType = file.storyboard; name = Base; path = Base.lproj/Main.storyboard; sourceTree = "<group>"; };
		18F1A6D01EA75749005D8858 /* Assets.xcassets */ = {isa = PBXFileReference; lastKnownFileType = folder.assetcatalog; path = Assets.xcassets; sourceTree = "<group>"; };
		18F1A6D31EA75749005D8858 /* Base */ = {isa = PBXFileReference; lastKnownFileType = file.storyboard; name = Base; path = Base.lproj/LaunchScreen.storyboard; sourceTree = "<group>"; };
		18F1A6D51EA75749005D8858 /* Info.plist */ = {isa = PBXFileReference; lastKnownFileType = text.plist.xml; path = Info.plist; sourceTree = "<group>"; };
		8DA96B5EECAEC2C198A2E732 /* libPods-PullDownMenuProject.a */ = {isa = PBXFileReference; explicitFileType = archive.ar; includeInIndex = 0; path = "libPods-PullDownMenuProject.a"; sourceTree = BUILT_PRODUCTS_DIR; };
		E82388733CF9A93C424B97D8 /* Pods-PullDownMenuProject.release.xcconfig */ = {isa = PBXFileReference; includeInIndex = 1; lastKnownFileType = text.xcconfig; name = "Pods-PullDownMenuProject.release.xcconfig"; path = "Pods/Target Support Files/Pods-PullDownMenuProject/Pods-PullDownMenuProject.release.xcconfig"; sourceTree = "<group>"; };
		F618D43911CFD5F11F2E43EA /* Pods-PullDownMenuProject.debug.xcconfig */ = {isa = PBXFileReference; includeInIndex = 1; lastKnownFileType = text.xcconfig; name = "Pods-PullDownMenuProject.debug.xcconfig"; path = "Pods/Target Support Files/Pods-PullDownMenuProject/Pods-PullDownMenuProject.debug.xcconfig"; sourceTree = "<group>"; };
/* End PBXFileReference section */

/* Begin PBXFrameworksBuildPhase section */
		18F1A6BE1EA75748005D8858 /* Frameworks */ = {
			isa = PBXFrameworksBuildPhase;
			buildActionMask = 2147483647;
			files = (
				8D088E1B4170BF6B234366E9 /* libPods-PullDownMenuProject.a in Frameworks */,
			);
			runOnlyForDeploymentPostprocessing = 0;
		};
/* End PBXFrameworksBuildPhase section */

/* Begin PBXGroup section */
		183D99751EAF44580035ED60 /* PullDownMenu */ = {
			isa = PBXGroup;
			children = (
				183D997D1EAF477B0035ED60 /* arrow_up@2x.png */,
				183D997E1EAF477B0035ED60 /* arrow_up@3x.png */,
				183D99791EAF470C0035ED60 /* arrow_down@2x.png */,
				183D997A1EAF470C0035ED60 /* arrow_down@3x.png */,
				183D99811EAF47E60035ED60 /* MenuButton.h */,
				183D99821EAF47E60035ED60 /* MenuButton.m */,
				183D99761EAF460B0035ED60 /* PullDownMenuView.h */,
				183D99771EAF460B0035ED60 /* PullDownMenuView.m */,
			);
			path = PullDownMenu;
			sourceTree = "<group>";
		};
		183D99841EB09B1E0035ED60 /* testControlls */ = {
			isa = PBXGroup;
			children = (
				183D99851EB09B4E0035ED60 /* TestViewController1.h */,
				183D99861EB09B4E0035ED60 /* TestViewController1.m */,
				183D99871EB09B4E0035ED60 /* TestViewController1.xib */,
				183D998A1EB09B5E0035ED60 /* TestViewController2.h */,
				183D998B1EB09B5E0035ED60 /* TestViewController2.m */,
				183D998C1EB09B5E0035ED60 /* TestViewController2.xib */,
				183D998F1EB09B980035ED60 /* TestViewController3.h */,
				183D99901EB09B980035ED60 /* TestViewController3.m */,
				183D99911EB09B980035ED60 /* TestViewController3.xib */,
			);
			name = testControlls;
			sourceTree = "<group>";
		};
		18F1A6B81EA75748005D8858 = {
			isa = PBXGroup;
			children = (
				18F1A6C31EA75748005D8858 /* PullDownMenuProject */,
				18F1A6C21EA75748005D8858 /* Products */,
				C09916D53C8CC5DB93A997E2 /* Pods */,
				4E8205462735BC57CE951378 /* Frameworks */,
			);
			sourceTree = "<group>";
		};
		18F1A6C21EA75748005D8858 /* Products */ = {
			isa = PBXGroup;
			children = (
				18F1A6C11EA75748005D8858 /* PullDownMenuProject.app */,
			);
			name = Products;
			sourceTree = "<group>";
		};
		18F1A6C31EA75748005D8858 /* PullDownMenuProject */ = {
			isa = PBXGroup;
			children = (
				183D99841EB09B1E0035ED60 /* testControlls */,
				183D99751EAF44580035ED60 /* PullDownMenu */,
				18F1A6C71EA75748005D8858 /* AppDelegate.h */,
				18F1A6C81EA75749005D8858 /* AppDelegate.m */,
				18F1A6CA1EA75749005D8858 /* ViewController.h */,
				18F1A6CB1EA75749005D8858 /* ViewController.m */,
				18F1A6CD1EA75749005D8858 /* Main.storyboard */,
				18F1A6D01EA75749005D8858 /* Assets.xcassets */,
				18F1A6D21EA75749005D8858 /* LaunchScreen.storyboard */,
				18F1A6D51EA75749005D8858 /* Info.plist */,
				18F1A6C41EA75748005D8858 /* Supporting Files */,
				183D99741EAF2B200035ED60 /* PullDownPrefixHeader.pch */,
			);
			path = PullDownMenuProject;
			sourceTree = "<group>";
		};
		18F1A6C41EA75748005D8858 /* Supporting Files */ = {
			isa = PBXGroup;
			children = (
				18F1A6C51EA75748005D8858 /* main.m */,
			);
			name = "Supporting Files";
			sourceTree = "<group>";
		};
		4E8205462735BC57CE951378 /* Frameworks */ = {
			isa = PBXGroup;
			children = (
				8DA96B5EECAEC2C198A2E732 /* libPods-PullDownMenuProject.a */,
			);
			name = Frameworks;
			sourceTree = "<group>";
		};
		C09916D53C8CC5DB93A997E2 /* Pods */ = {
			isa = PBXGroup;
			children = (
				F618D43911CFD5F11F2E43EA /* Pods-PullDownMenuProject.debug.xcconfig */,
				E82388733CF9A93C424B97D8 /* Pods-PullDownMenuProject.release.xcconfig */,
			);
			name = Pods;
			sourceTree = "<group>";
		};
/* End PBXGroup section */

/* Begin PBXNativeTarget section */
		18F1A6C01EA75748005D8858 /* PullDownMenuProject */ = {
			isa = PBXNativeTarget;
			buildConfigurationList = 18F1A6D81EA75749005D8858 /* Build configuration list for PBXNativeTarget "PullDownMenuProject" */;
			buildPhases = (
				403CBC8AB9F67362A7B38F5C /* [CP] Check Pods Manifest.lock */,
				18F1A6BD1EA75748005D8858 /* Sources */,
				18F1A6BE1EA75748005D8858 /* Frameworks */,
				18F1A6BF1EA75748005D8858 /* Resources */,
				AAC418B1881C02B431A9CC61 /* [CP] Embed Pods Frameworks */,
				BFAB1CCD7A1895D902379612 /* [CP] Copy Pods Resources */,
			);
			buildRules = (
			);
			dependencies = (
			);
			name = PullDownMenuProject;
			productName = PullDownMenuProject;
			productReference = 18F1A6C11EA75748005D8858 /* PullDownMenuProject.app */;
			productType = "com.apple.product-type.application";
		};
/* End PBXNativeTarget section */

/* Begin PBXProject section */
		18F1A6B91EA75748005D8858 /* Project object */ = {
			isa = PBXProject;
			attributes = {
				LastUpgradeCheck = 0830;
				ORGANIZATIONNAME = gupeng;
				TargetAttributes = {
					18F1A6C01EA75748005D8858 = {
						CreatedOnToolsVersion = 8.3;
						ProvisioningStyle = Manual;
					};
				};
			};
			buildConfigurationList = 18F1A6BC1EA75748005D8858 /* Build configuration list for PBXProject "PullDownMenuProject" */;
			compatibilityVersion = "Xcode 3.2";
			developmentRegion = English;
			hasScannedForEncodings = 0;
			knownRegions = (
				en,
				Base,
			);
			mainGroup = 18F1A6B81EA75748005D8858;
			productRefGroup = 18F1A6C21EA75748005D8858 /* Products */;
			projectDirPath = "";
			projectRoot = "";
			targets = (
				18F1A6C01EA75748005D8858 /* PullDownMenuProject */,
			);
		};
/* End PBXProject section */

/* Begin PBXResourcesBuildPhase section */
		18F1A6BF1EA75748005D8858 /* Resources */ = {
			isa = PBXResourcesBuildPhase;
			buildActionMask = 2147483647;
			files = (
				183D99891EB09B4E0035ED60 /* TestViewController1.xib in Resources */,
				183D998E1EB09B5E0035ED60 /* TestViewController2.xib in Resources */,
				18F1A6D41EA75749005D8858 /* LaunchScreen.storyboard in Resources */,
				18F1A6D11EA75749005D8858 /* Assets.xcassets in Resources */,
				183D99931EB09B980035ED60 /* TestViewController3.xib in Resources */,
				183D997C1EAF470C0035ED60 /* arrow_down@3x.png in Resources */,
				183D99801EAF477B0035ED60 /* arrow_up@3x.png in Resources */,
				183D997F1EAF477B0035ED60 /* arrow_up@2x.png in Resources */,
				183D997B1EAF470C0035ED60 /* arrow_down@2x.png in Resources */,
				18F1A6CF1EA75749005D8858 /* Main.storyboard in Resources */,
			);
			runOnlyForDeploymentPostprocessing = 0;
		};
/* End PBXResourcesBuildPhase section */

/* Begin PBXShellScriptBuildPhase section */
		403CBC8AB9F67362A7B38F5C /* [CP] Check Pods Manifest.lock */ = {
			isa = PBXShellScriptBuildPhase;
			buildActionMask = 2147483647;
			files = (
			);
			inputPaths = (
			);
			name = "[CP] Check Pods Manifest.lock";
			outputPaths = (
			);
			runOnlyForDeploymentPostprocessing = 0;
			shellPath = /bin/sh;
			shellScript = "diff \"${PODS_ROOT}/../Podfile.lock\" \"${PODS_ROOT}/Manifest.lock\" > /dev/null\nif [ $? != 0 ] ; then\n    # print error to STDERR\n    echo \"error: The sandbox is not in sync with the Podfile.lock. Run 'pod install' or update your CocoaPods installation.\" >&2\n    exit 1\nfi\n";
			showEnvVarsInLog = 0;
		};
		AAC418B1881C02B431A9CC61 /* [CP] Embed Pods Frameworks */ = {
			isa = PBXShellScriptBuildPhase;
			buildActionMask = 2147483647;
			files = (
			);
			inputPaths = (
			);
			name = "[CP] Embed Pods Frameworks";
			outputPaths = (
			);
			runOnlyForDeploymentPostprocessing = 0;
			shellPath = /bin/sh;
			shellScript = "\"${SRCROOT}/Pods/Target Support Files/Pods-PullDownMenuProject/Pods-PullDownMenuProject-frameworks.sh\"\n";
			showEnvVarsInLog = 0;
		};
		BFAB1CCD7A1895D902379612 /* [CP] Copy Pods Resources */ = {
			isa = PBXShellScriptBuildPhase;
			buildActionMask = 2147483647;
			files = (
			);
			inputPaths = (
			);
			name = "[CP] Copy Pods Resources";
			outputPaths = (
			);
			runOnlyForDeploymentPostprocessing = 0;
			shellPath = /bin/sh;
			shellScript = "\"${SRCROOT}/Pods/Target Support Files/Pods-PullDownMenuProject/Pods-PullDownMenuProject-resources.sh\"\n";
			showEnvVarsInLog = 0;
		};
/* End PBXShellScriptBuildPhase section */

/* Begin PBXSourcesBuildPhase section */
		18F1A6BD1EA75748005D8858 /* Sources */ = {
			isa = PBXSourcesBuildPhase;
			buildActionMask = 2147483647;
			files = (
				18F1A6CC1EA75749005D8858 /* ViewController.m in Sources */,
				18F1A6C91EA75749005D8858 /* AppDelegate.m in Sources */,
				183D99921EB09B980035ED60 /* TestViewController3.m in Sources */,
				183D99781EAF460B0035ED60 /* PullDownMenuView.m in Sources */,
				183D99831EAF47E60035ED60 /* MenuButton.m in Sources */,
				183D99881EB09B4E0035ED60 /* TestViewController1.m in Sources */,
				18F1A6C61EA75748005D8858 /* main.m in Sources */,
				183D998D1EB09B5E0035ED60 /* TestViewController2.m in Sources */,
			);
			runOnlyForDeploymentPostprocessing = 0;
		};
/* End PBXSourcesBuildPhase section */

/* Begin PBXVariantGroup section */
		18F1A6CD1EA75749005D8858 /* Main.storyboard */ = {
			isa = PBXVariantGroup;
			children = (
				18F1A6CE1EA75749005D8858 /* Base */,
			);
			name = Main.storyboard;
			sourceTree = "<group>";
		};
		18F1A6D21EA75749005D8858 /* LaunchScreen.storyboard */ = {
			isa = PBXVariantGroup;
			children = (
				18F1A6D31EA75749005D8858 /* Base */,
			);
			name = LaunchScreen.storyboard;
			sourceTree = "<group>";
		};
/* End PBXVariantGroup section */

/* Begin XCBuildConfiguration section */
		18F1A6D61EA75749005D8858 /* Debug */ = {
			isa = XCBuildConfiguration;
			buildSettings = {
				ALWAYS_SEARCH_USER_PATHS = NO;
				CLANG_ANALYZER_NONNULL = YES;
				CLANG_ANALYZER_NUMBER_OBJECT_CONVERSION = YES_AGGRESSIVE;
				CLANG_CXX_LANGUAGE_STANDARD = "gnu++0x";
				CLANG_CXX_LIBRARY = "libc++";
				CLANG_ENABLE_MODULES = YES;
				CLANG_ENABLE_OBJC_ARC = YES;
				CLANG_WARN_BOOL_CONVERSION = YES;
				CLANG_WARN_CONSTANT_CONVERSION = YES;
				CLANG_WARN_DIRECT_OBJC_ISA_USAGE = YES_ERROR;
				CLANG_WARN_DOCUMENTATION_COMMENTS = YES;
				CLANG_WARN_EMPTY_BODY = YES;
				CLANG_WARN_ENUM_CONVERSION = YES;
				CLANG_WARN_INFINITE_RECURSION = YES;
				CLANG_WARN_INT_CONVERSION = YES;
				CLANG_WARN_OBJC_ROOT_CLASS = YES_ERROR;
				CLANG_WARN_SUSPICIOUS_MOVE = YES;
				CLANG_WARN_UNREACHABLE_CODE = YES;
				CLANG_WARN__DUPLICATE_METHOD_MATCH = YES;
				"CODE_SIGN_IDENTITY[sdk=iphoneos*]" = "iPhone Developer";
				COPY_PHASE_STRIP = NO;
				DEBUG_INFORMATION_FORMAT = dwarf;
				ENABLE_STRICT_OBJC_MSGSEND = YES;
				ENABLE_TESTABILITY = YES;
				GCC_C_LANGUAGE_STANDARD = gnu99;
				GCC_DYNAMIC_NO_PIC = NO;
				GCC_NO_COMMON_BLOCKS = YES;
				GCC_OPTIMIZATION_LEVEL = 0;
				GCC_PREPROCESSOR_DEFINITIONS = (
					"DEBUG=1",
					"$(inherited)",
				);
				GCC_WARN_64_TO_32_BIT_CONVERSION = YES;
				GCC_WARN_ABOUT_RETURN_TYPE = YES_ERROR;
				GCC_WARN_UNDECLARED_SELECTOR = YES;
				GCC_WARN_UNINITIALIZED_AUTOS = YES_AGGRESSIVE;
				GCC_WARN_UNUSED_FUNCTION = YES;
				GCC_WARN_UNUSED_VARIABLE = YES;
				IPHONEOS_DEPLOYMENT_TARGET = 10.3;
				MTL_ENABLE_DEBUG_INFO = YES;
				ONLY_ACTIVE_ARCH = YES;
				SDKROOT = iphoneos;
				TARGETED_DEVICE_FAMILY = "1,2";
			};
			name = Debug;
		};
		18F1A6D71EA75749005D8858 /* Release */ = {
			isa = XCBuildConfiguration;
			buildSettings = {
				ALWAYS_SEARCH_USER_PATHS = NO;
				CLANG_ANALYZER_NONNULL = YES;
				CLANG_ANALYZER_NUMBER_OBJECT_CONVERSION = YES_AGGRESSIVE;
				CLANG_CXX_LANGUAGE_STANDARD = "gnu++0x";
				CLANG_CXX_LIBRARY = "libc++";
				CLANG_ENABLE_MODULES = YES;
				CLANG_ENABLE_OBJC_ARC = YES;
				CLANG_WARN_BOOL_CONVERSION = YES;
				CLANG_WARN_CONSTANT_CONVERSION = YES;
				CLANG_WARN_DIRECT_OBJC_ISA_USAGE = YES_ERROR;
				CLANG_WARN_DOCUMENTATION_COMMENTS = YES;
				CLANG_WARN_EMPTY_BODY = YES;
				CLANG_WARN_ENUM_CONVERSION = YES;
				CLANG_WARN_INFINITE_RECURSION = YES;
				CLANG_WARN_INT_CONVERSION = YES;
				CLANG_WARN_OBJC_ROOT_CLASS = YES_ERROR;
				CLANG_WARN_SUSPICIOUS_MOVE = YES;
				CLANG_WARN_UNREACHABLE_CODE = YES;
				CLANG_WARN__DUPLICATE_METHOD_MATCH = YES;
				"CODE_SIGN_IDENTITY[sdk=iphoneos*]" = "iPhone Developer";
				COPY_PHASE_STRIP = NO;
				DEBUG_INFORMATION_FORMAT = "dwarf-with-dsym";
				ENABLE_NS_ASSERTIONS = NO;
				ENABLE_STRICT_OBJC_MSGSEND = YES;
				GCC_C_LANGUAGE_STANDARD = gnu99;
				GCC_NO_COMMON_BLOCKS = YES;
				GCC_WARN_64_TO_32_BIT_CONVERSION = YES;
				GCC_WARN_ABOUT_RETURN_TYPE = YES_ERROR;
				GCC_WARN_UNDECLARED_SELECTOR = YES;
				GCC_WARN_UNINITIALIZED_AUTOS = YES_AGGRESSIVE;
				GCC_WARN_UNUSED_FUNCTION = YES;
				GCC_WARN_UNUSED_VARIABLE = YES;
				IPHONEOS_DEPLOYMENT_TARGET = 10.3;
				MTL_ENABLE_DEBUG_INFO = NO;
				SDKROOT = iphoneos;
				TARGETED_DEVICE_FAMILY = "1,2";
				VALIDATE_PRODUCT = YES;
			};
			name = Release;
		};
		18F1A6D91EA75749005D8858 /* Debug */ = {
			isa = XCBuildConfiguration;
			baseConfigurationReference = F618D43911CFD5F11F2E43EA /* Pods-PullDownMenuProject.debug.xcconfig */;
			buildSettings = {
				ASSETCATALOG_COMPILER_APPICON_NAME = AppIcon;
				DEVELOPMENT_TEAM = "";
				GCC_PRECOMPILE_PREFIX_HEADER = YES;
				GCC_PREFIX_HEADER = PullDownMenuProject/PullDownPrefixHeader.pch;
				INFOPLIST_FILE = PullDownMenuProject/Info.plist;
				LD_RUNPATH_SEARCH_PATHS = "$(inherited) @executable_path/Frameworks";
				PRODUCT_BUNDLE_IDENTIFIER = com.ycxc.PullDownMenuProject;
				PRODUCT_NAME = "$(TARGET_NAME)";
				PROVISIONING_PROFILE_SPECIFIER = "";
			};
			name = Debug;
		};
		18F1A6DA1EA75749005D8858 /* Release */ = {
			isa = XCBuildConfiguration;
			baseConfigurationReference = E82388733CF9A93C424B97D8 /* Pods-PullDownMenuProject.release.xcconfig */;
			buildSettings = {
				ASSETCATALOG_COMPILER_APPICON_NAME = AppIcon;
				DEVELOPMENT_TEAM = "";
				GCC_PRECOMPILE_PREFIX_HEADER = YES;
				GCC_PREFIX_HEADER = PullDownMenuProject/PullDownPrefixHeader.pch;
				INFOPLIST_FILE = PullDownMenuProject/Info.plist;
				LD_RUNPATH_SEARCH_PATHS = "$(inherited) @executable_path/Frameworks";
				PRODUCT_BUNDLE_IDENTIFIER = com.ycxc.PullDownMenuProject;
				PRODUCT_NAME = "$(TARGET_NAME)";
				PROVISIONING_PROFILE_SPECIFIER = "";
			};
			name = Release;
		};
/* End XCBuildConfiguration section */

/* Begin XCConfigurationList section */
		18F1A6BC1EA75748005D8858 /* Build configuration list for PBXProject "PullDownMenuProject" */ = {
			isa = XCConfigurationList;
			buildConfigurations = (
				18F1A6D61EA75749005D8858 /* Debug */,
				18F1A6D71EA75749005D8858 /* Release */,
			);
			defaultConfigurationIsVisible = 0;
			defaultConfigurationName = Release;
		};
		18F1A6D81EA75749005D8858 /* Build configuration list for PBXNativeTarget "PullDownMenuProject" */ = {
			isa = XCConfigurationList;
			buildConfigurations = (
				18F1A6D91EA75749005D8858 /* Debug */,
				18F1A6DA1EA75749005D8858 /* Release */,
			);
			defaultConfigurationIsVisible = 0;
			defaultConfigurationName = Release;
		};
/* End XCConfigurationList section */
	};
	rootObject = 18F1A6B91EA75748005D8858 /* Project object */;
}
